
Microsoft Visual Studio Solution File, Format Version 12.00
# Visual Studio Version 17
VisualStudioVersion = 17.2.32616.157
MinimumVisualStudioVersion = 10.0.40219.1
Project("{FAE04EC0-301F-11D3-BF4B-00C04F79EFBC}") = "Lab17_1App1", "Lab17_1App1\Lab17_1App1.csproj", "{505ACDBB-FDE2-466C-A515-979FDDFF6BB2}"
EndProject
Global
	GlobalSection(SolutionConfigurationPlatforms) = preSolution
		Debug|Any CPU = Debug|Any CPU
		Release|Any CPU = Release|Any CPU
	EndGlobalSection
	GlobalSection(ProjectConfigurationPlatforms) = postSolution
		{505ACDBB-FDE2-466C-A515-979FDDFF6BB2}.Debug|Any CPU.ActiveCfg = Debug|Any CPU
		{505ACDBB-FDE2-466C-A515-979FDDFF6BB2}.Debug|Any CPU.Build.0 = Debug|Any CPU
		{505ACDBB-FDE2-466C-A515-979FDDFF6BB2}.Release|Any CPU.ActiveCfg = Release|Any CPU
		{505ACDBB-FDE2-466C-A515-979FDDFF6BB2}.Release|Any CPU.Build.0 = Release|Any CPU
	EndGlobalSection
	GlobalSection(SolutionProperties) = preSolution
		HideSolutionNode = FALSE
	EndGlobalSection
	GlobalSection(ExtensibilityGlobals) = postSolution
		SolutionGuid = {877F2D71-DAFF-41D6-AA8D-4D905A8EB209}
	EndGlobalSection
EndGlobal
